
Microsoft Visual Studio Solution File, Format Version 12.00
# Visual Studio 2012
Project("{FAE04EC0-301F-11D3-BF4B-00C04F79EFBC}") = "WindowsFormsHost", "WindowsFormsHost\WindowsFormsHost.csproj", "{B715E5D4-32B5-4F93-B895-23292C6943CA}"
EndProject
Project("{FAE04EC0-301F-11D3-BF4B-00C04F79EFBC}") = "WindowsFormsApplication", "WindowsFormsApplication\WindowsFormsApplication.csproj", "{CDBF0DED-A2B8-4BC6-9E54-F7263E2B2493}"
EndProject
Global
	GlobalSection(SolutionConfigurationPlatforms) = preSolution
		Debug|Any CPU = Debug|Any CPU
		Release|Any CPU = Release|Any CPU
	EndGlobalSection
	GlobalSection(ProjectConfigurationPlatforms) = postSolution
		{B715E5D4-32B5-4F93-B895-23292C6943CA}.Debug|Any CPU.ActiveCfg = Debug|Any CPU
		{B715E5D4-32B5-4F93-B895-23292C6943CA}.Debug|Any CPU.Build.0 = Debug|Any CPU
		{B715E5D4-32B5-4F93-B895-23292C6943CA}.Release|Any CPU.ActiveCfg = Release|Any CPU
		{B715E5D4-32B5-4F93-B895-23292C6943CA}.Release|Any CPU.Build.0 = Release|Any CPU
		{CDBF0DED-A2B8-4BC6-9E54-F7263E2B2493}.Debug|Any CPU.ActiveCfg = Debug|Any CPU
		{CDBF0DED-A2B8-4BC6-9E54-F7263E2B2493}.Debug|Any CPU.Build.0 = Debug|Any CPU
		{CDBF0DED-A2B8-4BC6-9E54-F7263E2B2493}.Release|Any CPU.ActiveCfg = Release|Any CPU
		{CDBF0DED-A2B8-4BC6-9E54-F7263E2B2493}.Release|Any CPU.Build.0 = Release|Any CPU
	EndGlobalSection
	GlobalSection(SolutionProperties) = preSolution
		HideSolutionNode = FALSE
	EndGlobalSection
EndGlobal
