
Microsoft Visual Studio Solution File, Format Version 11.00
# Visual Studio 2010
Project("{FAE04EC0-301F-11D3-BF4B-00C04F79EFBC}") = "AutomationStyle", "AutomationStyle\AutomationStyle.csproj", "{8A9FFEC9-4DF8-402D-AD00-472D320869D1}"
EndProject
Project("{FAE04EC0-301F-11D3-BF4B-00C04F79EFBC}") = "HMI", "HMI\HMI.csproj", "{A1078EA7-CECB-4AF8-B1D1-8EC36A03308D}"
EndProject
Global
	GlobalSection(SolutionConfigurationPlatforms) = preSolution
		Debug|Any CPU = Debug|Any CPU
		Debug|Mixed Platforms = Debug|Mixed Platforms
		Debug|x86 = Debug|x86
		Release|Any CPU = Release|Any CPU
		Release|Mixed Platforms = Release|Mixed Platforms
		Release|x86 = Release|x86
	EndGlobalSection
	GlobalSection(ProjectConfigurationPlatforms) = postSolution
		{8A9FFEC9-4DF8-402D-AD00-472D320869D1}.Debug|Any CPU.ActiveCfg = Debug|x86
		{8A9FFEC9-4DF8-402D-AD00-472D320869D1}.Debug|Mixed Platforms.ActiveCfg = Debug|x86
		{8A9FFEC9-4DF8-402D-AD00-472D320869D1}.Debug|Mixed Platforms.Build.0 = Debug|x86
		{8A9FFEC9-4DF8-402D-AD00-472D320869D1}.Debug|x86.ActiveCfg = Debug|x86
		{8A9FFEC9-4DF8-402D-AD00-472D320869D1}.Debug|x86.Build.0 = Debug|x86
		{8A9FFEC9-4DF8-402D-AD00-472D320869D1}.Release|Any CPU.ActiveCfg = Release|x86
		{8A9FFEC9-4DF8-402D-AD00-472D320869D1}.Release|Mixed Platforms.ActiveCfg = Release|x86
		{8A9FFEC9-4DF8-402D-AD00-472D320869D1}.Release|Mixed Platforms.Build.0 = Release|x86
		{8A9FFEC9-4DF8-402D-AD00-472D320869D1}.Release|x86.ActiveCfg = Release|x86
		{8A9FFEC9-4DF8-402D-AD00-472D320869D1}.Release|x86.Build.0 = Release|x86
		{A1078EA7-CECB-4AF8-B1D1-8EC36A03308D}.Debug|Any CPU.ActiveCfg = Debug|Any CPU
		{A1078EA7-CECB-4AF8-B1D1-8EC36A03308D}.Debug|Any CPU.Build.0 = Debug|Any CPU
		{A1078EA7-CECB-4AF8-B1D1-8EC36A03308D}.Debug|Mixed Platforms.ActiveCfg = Debug|Any CPU
		{A1078EA7-CECB-4AF8-B1D1-8EC36A03308D}.Debug|Mixed Platforms.Build.0 = Debug|Any CPU
		{A1078EA7-CECB-4AF8-B1D1-8EC36A03308D}.Debug|x86.ActiveCfg = Debug|Any CPU
		{A1078EA7-CECB-4AF8-B1D1-8EC36A03308D}.Release|Any CPU.ActiveCfg = Release|Any CPU
		{A1078EA7-CECB-4AF8-B1D1-8EC36A03308D}.Release|Any CPU.Build.0 = Release|Any CPU
		{A1078EA7-CECB-4AF8-B1D1-8EC36A03308D}.Release|Mixed Platforms.ActiveCfg = Release|Any CPU
		{A1078EA7-CECB-4AF8-B1D1-8EC36A03308D}.Release|Mixed Platforms.Build.0 = Release|Any CPU
		{A1078EA7-CECB-4AF8-B1D1-8EC36A03308D}.Release|x86.ActiveCfg = Release|Any CPU
	EndGlobalSection
	GlobalSection(SolutionProperties) = preSolution
		HideSolutionNode = FALSE
	EndGlobalSection
EndGlobal
